<?xml version="1.0" encoding="utf-8"?>
<Project ToolsVersion="4.0" xmlns="http://schemas.microsoft.com/developer/msbuild/2003">
  <ItemGroup>
    <Filter Include="game">
      <UniqueIdentifier>{3e4e6865-28d7-4191-b3e4-24cd6544fc55}</UniqueIdentifier>
    </Filter>
    <Filter Include="mLib">
      <UniqueIdentifier>{824b85a7-8c9c-467b-bdd9-7094e0890e2a}</UniqueIdentifier>
    </Filter>
    <Filter Include="renderer">
      <UniqueIdentifier>{0b88727c-9582-4923-960e-fb3df25c9e3e}</UniqueIdentifier>
    </Filter>
    <Filter Include="core">
      <UniqueIdentifier>{7c67f955-21a9-4a99-947f-6f45839073b9}</UniqueIdentifier>
    </Filter>
    <Filter Include="gameUI">
      <UniqueIdentifier>{170058a9-d1c7-4640-9bb2-5b8dc8182cb0}</UniqueIdentifier>
    </Filter>
    <Filter Include="shaders">
      <UniqueIdentifier>{0e89afc4-841f-4bc6-b4e9-86efa7b47b92}</UniqueIdentifier>
    </Filter>
  </ItemGroup>
  <ItemGroup>
    <ClCompile Include="..\src\game\board.cpp">
      <Filter>game</Filter>
    </ClCompile>
    <ClCompile Include="..\src\game\component.cpp">
      <Filter>game</Filter>
    </ClCompile>
    <ClCompile Include="..\src\game\gameState.cpp">
      <Filter>game</Filter>
    </ClCompile>
    <ClCompile Include="..\src\mLib\imageLoaderLodePNG.cpp">
      <Filter>mLib</Filter>
    </ClCompile>
    <ClCompile Include="..\src\mLib\lodepng.cpp">
      <Filter>mLib</Filter>
    </ClCompile>
    <ClCompile Include="..\src\mLib\utility.cpp">
      <Filter>mLib</Filter>
    </ClCompile>
    <ClCompile Include="..\src\main.cpp">
      <Filter>core</Filter>
    </ClCompile>
    <ClCompile Include="..\src\core\app.cpp">
      <Filter>core</Filter>
    </ClCompile>
    <ClCompile Include="..\src\renderer\texture.cpp">
      <Filter>renderer</Filter>
    </ClCompile>
    <ClCompile Include="..\src\gameUI\gameUI.cpp">
      <Filter>gameUI</Filter>
    </ClCompile>
    <ClCompile Include="..\src\core\gameUtil.cpp">
      <Filter>core</Filter>
    </ClCompile>
    <ClCompile Include="..\src\game\charge.cpp">
      <Filter>game</Filter>
    </ClCompile>
    <ClCompile Include="..\src\game\database.cpp">
      <Filter>game</Filter>
    </ClCompile>
    <ClCompile Include="..\src\gameUI\gameButton.cpp">
      <Filter>gameUI</Filter>
    </ClCompile>
    <ClCompile Include="..\src\mLib\common.cpp">
      <Filter>mLib</Filter>
    </ClCompile>
    <ClCompile Include="..\src\game\explodingCharge.cpp">
      <Filter>game</Filter>
    </ClCompile>
    <ClCompile Include="..\src\gameUI\coordinates.cpp">
      <Filter>gameUI</Filter>
    </ClCompile>
    <ClCompile Include="..\src\game\legacyLoader.cpp">
      <Filter>game</Filter>
    </ClCompile>
    <ClCompile Include="..\src\renderer\rendererOpenGL.cpp">
      <Filter>renderer</Filter>
    </ClCompile>
    <ClCompile Include="..\src\gameUI\puzzleManager.cpp">
      <Filter>gameUI</Filter>
    </ClCompile>
    <ClCompile Include="..\src\gameUI\gameController.cpp">
      <Filter>gameUI</Filter>
    </ClCompile>
    <ClCompile Include="..\src\gameUI\dialog.cpp">
      <Filter>gameUI</Filter>
    </ClCompile>
    <ClCompile Include="..\src\mLib\FileDialog.cpp">
      <Filter>mLib</Filter>
    </ClCompile>
    <ClCompile Include="..\src\game\buffer.cpp">
      <Filter>game</Filter>
    </ClCompile>
    <ClCompile Include="..\src\gameUI\selection.cpp">
      <Filter>gameUI</Filter>
    </ClCompile>
    <ClCompile Include="..\src\renderer\renderTarget.cpp">
      <Filter>renderer</Filter>
    </ClCompile>
  </ItemGroup>
  <ItemGroup>
    <ClInclude Include="..\src\game\board.h">
      <Filter>game</Filter>
    </ClInclude>
    <ClInclude Include="..\src\game\component.h">
      <Filter>game</Filter>
    </ClInclude>
    <ClInclude Include="..\src\game\gameState.h">
      <Filter>game</Filter>
    </ClInclude>
    <ClInclude Include="..\src\mLib\common.h">
      <Filter>mLib</Filter>
    </ClInclude>
    <ClInclude Include="..\src\mLib\grid2.h">
      <Filter>mLib</Filter>
    </ClInclude>
    <ClInclude Include="..\src\mLib\imageLoaderLodePNG.h">
      <Filter>mLib</Filter>
    </ClInclude>
    <ClInclude Include="..\src\mLib\lodepng.h">
      <Filter>mLib</Filter>
    </ClInclude>
    <ClInclude Include="..\src\mLib\mLib.h">
      <Filter>mLib</Filter>
    </ClInclude>
    <ClInclude Include="..\src\mLib\parameterFile.h">
      <Filter>mLib</Filter>
    </ClInclude>
    <ClInclude Include="..\src\mLib\stringUtil.h">
      <Filter>mLib</Filter>
    </ClInclude>
    <ClInclude Include="..\src\mLib\stringUtilConvert.h">
      <Filter>mLib</Filter>
    </ClInclude>
    <ClInclude Include="..\src\mLib\utility.h">
      <Filter>mLib</Filter>
    </ClInclude>
    <ClInclude Include="..\src\renderer\renderer.h">
      <Filter>renderer</Filter>
    </ClInclude>
    <ClInclude Include="..\src\main.h">
      <Filter>core</Filter>
    </ClInclude>
    <ClInclude Include="..\src\core\app.h">
      <Filter>core</Filter>
    </ClInclude>
    <ClInclude Include="..\src\renderer\texture.h">
      <Filter>renderer</Filter>
    </ClInclude>
    <ClInclude Include="..\src\gameUI\gameUI.h">
      <Filter>gameUI</Filter>
    </ClInclude>
    <ClInclude Include="..\src\core\parameters.h">
      <Filter>core</Filter>
    </ClInclude>
    <ClInclude Include="..\src\mLib\vec2.h">
      <Filter>mLib</Filter>
    </ClInclude>
    <ClInclude Include="..\src\core\gameUtil.h">
      <Filter>core</Filter>
    </ClInclude>
    <ClInclude Include="..\src\mLib\rect2.h">
      <Filter>mLib</Filter>
    </ClInclude>
    <ClInclude Include="..\src\mLib\RGBColor.h">
      <Filter>mLib</Filter>
    </ClInclude>
    <ClInclude Include="..\src\game\charge.h">
      <Filter>game</Filter>
    </ClInclude>
    <ClInclude Include="..\src\core\constants.h">
      <Filter>core</Filter>
    </ClInclude>
    <ClInclude Include="..\src\game\misc.h">
      <Filter>game</Filter>
    </ClInclude>
    <ClInclude Include="..\src\game\database.h">
      <Filter>game</Filter>
    </ClInclude>
    <ClInclude Include="..\src\gameUI\gameButton.h">
      <Filter>gameUI</Filter>
    </ClInclude>
    <ClInclude Include="..\src\game\explodingCharge.h">
      <Filter>game</Filter>
    </ClInclude>
    <ClInclude Include="..\src\game\enums.h">
      <Filter>game</Filter>
    </ClInclude>
    <ClInclude Include="..\src\mLib\parameterTable.h">
      <Filter>mLib</Filter>
    </ClInclude>
    <ClInclude Include="..\src\gameUI\coordinates.h">
      <Filter>gameUI</Filter>
    </ClInclude>
    <ClInclude Include="..\src\game\legacyLoader.h">
      <Filter>game</Filter>
    </ClInclude>
    <ClInclude Include="..\src\mLib\GLProgram.h">
      <Filter>mLib</Filter>
    </ClInclude>
    <ClInclude Include="..\src\mLib\GLQuad.h">
      <Filter>mLib</Filter>
    </ClInclude>
    <ClInclude Include="..\src\renderer\rendererOpenGL.h">
      <Filter>renderer</Filter>
    </ClInclude>
    <ClInclude Include="..\src\mLib\vec3.h">
      <Filter>mLib</Filter>
    </ClInclude>
    <ClInclude Include="..\src\mLib\vec4.h">
      <Filter>mLib</Filter>
    </ClInclude>
    <ClInclude Include="..\src\mLib\matrix4.h">
      <Filter>mLib</Filter>
    </ClInclude>
    <ClInclude Include="..\src\gameUI\puzzleManager.h">
      <Filter>gameUI</Filter>
    </ClInclude>
    <ClInclude Include="..\src\gameUI\gameController.h">
      <Filter>gameUI</Filter>
    </ClInclude>
    <ClInclude Include="..\src\gameUI\dialog.h">
      <Filter>gameUI</Filter>
    </ClInclude>
    <ClInclude Include="..\src\mLib\FileDialog.h">
      <Filter>mLib</Filter>
    </ClInclude>
    <ClInclude Include="..\src\game\componentBuildState.h">
      <Filter>game</Filter>
    </ClInclude>
    <ClInclude Include="..\src\game\buffer.h">
      <Filter>game</Filter>
    </ClInclude>
    <ClInclude Include="..\src\gameUI\selection.h">
      <Filter>gameUI</Filter>
    </ClInclude>
    <ClInclude Include="..\src\audio\audioDevice.h">
      <Filter>renderer</Filter>
    </ClInclude>
    <ClInclude Include="..\src\renderer\renderTarget.h">
      <Filter>renderer</Filter>
    </ClInclude>
    <ClInclude Include="..\src\gameUI\UIHelper.h">
      <Filter>gameUI</Filter>
    </ClInclude>
  </ItemGroup>
  <ItemGroup>
    <Text Include="..\renderingNotes.txt" />
    <Text Include="..\assets\parameters.txt" />
    <Text Include="..\features.txt" />
  </ItemGroup>
  <ItemGroup>
    <None Include="..\src\mLib\grid2.inl">
      <Filter>mLib</Filter>
    </None>
    <None Include="..\assets\shaders\quad.frag">
      <Filter>shaders</Filter>
    </None>
    <None Include="..\assets\shaders\quad.vert">
      <Filter>shaders</Filter>
    </None>
    <None Include="..\assets\shaders\gaussian.frag">
      <Filter>shaders</Filter>
    </None>
    <None Include="..\assets\shaders\gaussian.vert">
      <Filter>shaders</Filter>
    </None>
  </ItemGroup>
</Project>